
Microsoft Visual Studio Solution File, Format Version 12.00
# Visual Studio Version 17
VisualStudioVersion = 17.0.31903.59
MinimumVisualStudioVersion = 10.0.40219.1
Project("{FAE04EC0-301F-11D3-BF4B-00C04F79EFBC}") = "StockManagment.Api", "StockManagment\StockManagment.Api.csproj", "{7B312C44-CE14-4A15-A5C2-212D4A4C552E}"
EndProject
Project("{FAE04EC0-301F-11D3-BF4B-00C04F79EFBC}") = "StockManagment.Application", "StockManagment.Application\StockManagment.Application.csproj", "{F57C0BF9-B4AB-4557-AC81-CBD826096CCA}"
EndProject
Project("{FAE04EC0-301F-11D3-BF4B-00C04F79EFBC}") = "StockManagment.Domain", "StockManagment.Domain\StockManagment.Domain.csproj", "{F3980135-D4EB-4258-BC00-63A308579F63}"
EndProject
Project("{FAE04EC0-301F-11D3-BF4B-00C04F79EFBC}") = "StockManagment.Infrastructure", "StockManagment.Infrastructure\StockManagment.Infrastructure.csproj", "{62B22D7C-6101-4320-93FA-52B1FBC36330}"
EndProject
Global
	GlobalSection(SolutionConfigurationPlatforms) = preSolution
		Debug|Any CPU = Debug|Any CPU
		Debug|x64 = Debug|x64
		Debug|x86 = Debug|x86
		Release|Any CPU = Release|Any CPU
		Release|x64 = Release|x64
		Release|x86 = Release|x86
	EndGlobalSection
	GlobalSection(ProjectConfigurationPlatforms) = postSolution
		{7B312C44-CE14-4A15-A5C2-212D4A4C552E}.Debug|Any CPU.ActiveCfg = Debug|Any CPU
		{7B312C44-CE14-4A15-A5C2-212D4A4C552E}.Debug|Any CPU.Build.0 = Debug|Any CPU
		{7B312C44-CE14-4A15-A5C2-212D4A4C552E}.Debug|x64.ActiveCfg = Debug|Any CPU
		{7B312C44-CE14-4A15-A5C2-212D4A4C552E}.Debug|x64.Build.0 = Debug|Any CPU
		{7B312C44-CE14-4A15-A5C2-212D4A4C552E}.Debug|x86.ActiveCfg = Debug|Any CPU
		{7B312C44-CE14-4A15-A5C2-212D4A4C552E}.Debug|x86.Build.0 = Debug|Any CPU
		{7B312C44-CE14-4A15-A5C2-212D4A4C552E}.Release|Any CPU.ActiveCfg = Release|Any CPU
		{7B312C44-CE14-4A15-A5C2-212D4A4C552E}.Release|Any CPU.Build.0 = Release|Any CPU
		{7B312C44-CE14-4A15-A5C2-212D4A4C552E}.Release|x64.ActiveCfg = Release|Any CPU
		{7B312C44-CE14-4A15-A5C2-212D4A4C552E}.Release|x64.Build.0 = Release|Any CPU
		{7B312C44-CE14-4A15-A5C2-212D4A4C552E}.Release|x86.ActiveCfg = Release|Any CPU
		{7B312C44-CE14-4A15-A5C2-212D4A4C552E}.Release|x86.Build.0 = Release|Any CPU
		{F57C0BF9-B4AB-4557-AC81-CBD826096CCA}.Debug|Any CPU.ActiveCfg = Debug|Any CPU
		{F57C0BF9-B4AB-4557-AC81-CBD826096CCA}.Debug|Any CPU.Build.0 = Debug|Any CPU
		{F57C0BF9-B4AB-4557-AC81-CBD826096CCA}.Debug|x64.ActiveCfg = Debug|Any CPU
		{F57C0BF9-B4AB-4557-AC81-CBD826096CCA}.Debug|x64.Build.0 = Debug|Any CPU
		{F57C0BF9-B4AB-4557-AC81-CBD826096CCA}.Debug|x86.ActiveCfg = Debug|Any CPU
		{F57C0BF9-B4AB-4557-AC81-CBD826096CCA}.Debug|x86.Build.0 = Debug|Any CPU
		{F57C0BF9-B4AB-4557-AC81-CBD826096CCA}.Release|Any CPU.ActiveCfg = Release|Any CPU
		{F57C0BF9-B4AB-4557-AC81-CBD826096CCA}.Release|Any CPU.Build.0 = Release|Any CPU
		{F57C0BF9-B4AB-4557-AC81-CBD826096CCA}.Release|x64.ActiveCfg = Release|Any CPU
		{F57C0BF9-B4AB-4557-AC81-CBD826096CCA}.Release|x64.Build.0 = Release|Any CPU
		{F57C0BF9-B4AB-4557-AC81-CBD826096CCA}.Release|x86.ActiveCfg = Release|Any CPU
		{F57C0BF9-B4AB-4557-AC81-CBD826096CCA}.Release|x86.Build.0 = Release|Any CPU
		{F3980135-D4EB-4258-BC00-63A308579F63}.Debug|Any CPU.ActiveCfg = Debug|Any CPU
		{F3980135-D4EB-4258-BC00-63A308579F63}.Debug|Any CPU.Build.0 = Debug|Any CPU
		{F3980135-D4EB-4258-BC00-63A308579F63}.Debug|x64.ActiveCfg = Debug|Any CPU
		{F3980135-D4EB-4258-BC00-63A308579F63}.Debug|x64.Build.0 = Debug|Any CPU
		{F3980135-D4EB-4258-BC00-63A308579F63}.Debug|x86.ActiveCfg = Debug|Any CPU
		{F3980135-D4EB-4258-BC00-63A308579F63}.Debug|x86.Build.0 = Debug|Any CPU
		{F3980135-D4EB-4258-BC00-63A308579F63}.Release|Any CPU.ActiveCfg = Release|Any CPU
		{F3980135-D4EB-4258-BC00-63A308579F63}.Release|Any CPU.Build.0 = Release|Any CPU
		{F3980135-D4EB-4258-BC00-63A308579F63}.Release|x64.ActiveCfg = Release|Any CPU
		{F3980135-D4EB-4258-BC00-63A308579F63}.Release|x64.Build.0 = Release|Any CPU
		{F3980135-D4EB-4258-BC00-63A308579F63}.Release|x86.ActiveCfg = Release|Any CPU
		{F3980135-D4EB-4258-BC00-63A308579F63}.Release|x86.Build.0 = Release|Any CPU
		{62B22D7C-6101-4320-93FA-52B1FBC36330}.Debug|Any CPU.ActiveCfg = Debug|Any CPU
		{62B22D7C-6101-4320-93FA-52B1FBC36330}.Debug|Any CPU.Build.0 = Debug|Any CPU
		{62B22D7C-6101-4320-93FA-52B1FBC36330}.Debug|x64.ActiveCfg = Debug|Any CPU
		{62B22D7C-6101-4320-93FA-52B1FBC36330}.Debug|x64.Build.0 = Debug|Any CPU
		{62B22D7C-6101-4320-93FA-52B1FBC36330}.Debug|x86.ActiveCfg = Debug|Any CPU
		{62B22D7C-6101-4320-93FA-52B1FBC36330}.Debug|x86.Build.0 = Debug|Any CPU
		{62B22D7C-6101-4320-93FA-52B1FBC36330}.Release|Any CPU.ActiveCfg = Release|Any CPU
		{62B22D7C-6101-4320-93FA-52B1FBC36330}.Release|Any CPU.Build.0 = Release|Any CPU
		{62B22D7C-6101-4320-93FA-52B1FBC36330}.Release|x64.ActiveCfg = Release|Any CPU
		{62B22D7C-6101-4320-93FA-52B1FBC36330}.Release|x64.Build.0 = Release|Any CPU
		{62B22D7C-6101-4320-93FA-52B1FBC36330}.Release|x86.ActiveCfg = Release|Any CPU
		{62B22D7C-6101-4320-93FA-52B1FBC36330}.Release|x86.Build.0 = Release|Any CPU
	EndGlobalSection
	GlobalSection(SolutionProperties) = preSolution
		HideSolutionNode = FALSE
	EndGlobalSection
EndGlobal
